
Microsoft Visual Studio Solution File, Format Version 12.00
# Visual Studio Version 17
VisualStudioVersion = 17.5.33414.496
MinimumVisualStudioVersion = 10.0.40219.1
Project("{FAE04EC0-301F-11D3-BF4B-00C04F79EFBC}") = "Clase1404", "Clase1404\Clase1404.csproj", "{D03D3754-3F22-4454-8DB9-9CE708789165}"
EndProject
Global
	GlobalSection(SolutionConfigurationPlatforms) = preSolution
		Debug|Any CPU = Debug|Any CPU
		Release|Any CPU = Release|Any CPU
	EndGlobalSection
	GlobalSection(ProjectConfigurationPlatforms) = postSolution
		{D03D3754-3F22-4454-8DB9-9CE708789165}.Debug|Any CPU.ActiveCfg = Debug|Any CPU
		{D03D3754-3F22-4454-8DB9-9CE708789165}.Debug|Any CPU.Build.0 = Debug|Any CPU
		{D03D3754-3F22-4454-8DB9-9CE708789165}.Release|Any CPU.ActiveCfg = Release|Any CPU
		{D03D3754-3F22-4454-8DB9-9CE708789165}.Release|Any CPU.Build.0 = Release|Any CPU
	EndGlobalSection
	GlobalSection(SolutionProperties) = preSolution
		HideSolutionNode = FALSE
	EndGlobalSection
	GlobalSection(ExtensibilityGlobals) = postSolution
		SolutionGuid = {A6E25C99-9DA0-40D8-8E98-19E4E01EC5F8}
	EndGlobalSection
EndGlobal
